
Microsoft Visual Studio Solution File, Format Version 12.00
# Visual Studio Version 17
VisualStudioVersion = 17.0.31903.59
MinimumVisualStudioVersion = 10.0.40219.1
Project("{FAE04EC0-301F-11D3-BF4B-00C04F79EFBC}") = "SmartSchool.WEbAPI", "SmartSchool.WEbAPI\SmartSchool.WEbAPI.csproj", "{BA64B80D-0671-48E2-B02A-7D245D4A6694}"
EndProject
Global
	GlobalSection(SolutionConfigurationPlatforms) = preSolution
		Debug|Any CPU = Debug|Any CPU
		Release|Any CPU = Release|Any CPU
	EndGlobalSection
	GlobalSection(SolutionProperties) = preSolution
		HideSolutionNode = FALSE
	EndGlobalSection
	GlobalSection(ProjectConfigurationPlatforms) = postSolution
		{BA64B80D-0671-48E2-B02A-7D245D4A6694}.Debug|Any CPU.ActiveCfg = Debug|Any CPU
		{BA64B80D-0671-48E2-B02A-7D245D4A6694}.Debug|Any CPU.Build.0 = Debug|Any CPU
		{BA64B80D-0671-48E2-B02A-7D245D4A6694}.Release|Any CPU.ActiveCfg = Release|Any CPU
		{BA64B80D-0671-48E2-B02A-7D245D4A6694}.Release|Any CPU.Build.0 = Release|Any CPU
	EndGlobalSection
EndGlobal
